// !$*UTF8*$!
{
	archiveVersion = 1;
	classes = {
	};
	objectVersion = 46;
	objects = {

/* Begin PBXBuildFile section */
		EDED00051DC20DC7006BEF56 /* picLogUITests.swift in Sources */ = {isa = PBXBuildFile; fileRef = EDED00041DC20DC7006BEF56 /* picLogUITests.swift */; };
		EDEDFFE51DC20DC6006BEF56 /* AppDelegate.swift in Sources */ = {isa = PBXBuildFile; fileRef = EDEDFFE41DC20DC6006BEF56 /* AppDelegate.swift */; };
		EDEDFFE71DC20DC6006BEF56 /* ViewController.swift in Sources */ = {isa = PBXBuildFile; fileRef = EDEDFFE61DC20DC6006BEF56 /* ViewController.swift */; };
		EDEDFFEA1DC20DC6006BEF56 /* Main.storyboard in Resources */ = {isa = PBXBuildFile; fileRef = EDEDFFE81DC20DC6006BEF56 /* Main.storyboard */; };
		EDEDFFEC1DC20DC6006BEF56 /* Assets.xcassets in Resources */ = {isa = PBXBuildFile; fileRef = EDEDFFEB1DC20DC6006BEF56 /* Assets.xcassets */; };
		EDEDFFEF1DC20DC6006BEF56 /* LaunchScreen.storyboard in Resources */ = {isa = PBXBuildFile; fileRef = EDEDFFED1DC20DC6006BEF56 /* LaunchScreen.storyboard */; };
		EDEDFFFA1DC20DC7006BEF56 /* picLogTests.swift in Sources */ = {isa = PBXBuildFile; fileRef = EDEDFFF91DC20DC7006BEF56 /* picLogTests.swift */; };
/* End PBXBuildFile section */

/* Begin PBXContainerItemProxy section */
		EDED00011DC20DC7006BEF56 /* PBXContainerItemProxy */ = {
			isa = PBXContainerItemProxy;
			containerPortal = EDEDFFD91DC20DC6006BEF56 /* Project object */;
			proxyType = 1;
			remoteGlobalIDString = EDEDFFE01DC20DC6006BEF56;
			remoteInfo = picLog;
		};
		EDEDFFF61DC20DC7006BEF56 /* PBXContainerItemProxy */ = {
			isa = PBXContainerItemProxy;
			containerPortal = EDEDFFD91DC20DC6006BEF56 /* Project object */;
			proxyType = 1;
			remoteGlobalIDString = EDEDFFE01DC20DC6006BEF56;
			remoteInfo = picLog;
		};
/* End PBXContainerItemProxy section */

/* Begin PBXFileReference section */
		EDED00001DC20DC7006BEF56 /* picLogUITests.xctest */ = {isa = PBXFileReference; explicitFileType = wrapper.cfbundle; includeInIndex = 0; path = picLogUITests.xctest; sourceTree = BUILT_PRODUCTS_DIR; };
		EDED00041DC20DC7006BEF56 /* picLogUITests.swift */ = {isa = PBXFileReference; lastKnownFileType = sourcecode.swift; path = picLogUITests.swift; sourceTree = "<group>"; };
		EDED00061DC20DC7006BEF56 /* Info.plist */ = {isa = PBXFileReference; lastKnownFileType = text.plist.xml; path = Info.plist; sourceTree = "<group>"; };
		EDEDFFE11DC20DC6006BEF56 /* picLog.app */ = {isa = PBXFileReference; explicitFileType = wrapper.application; includeInIndex = 0; path = picLog.app; sourceTree = BUILT_PRODUCTS_DIR; };
		EDEDFFE41DC20DC6006BEF56 /* AppDelegate.swift */ = {isa = PBXFileReference; lastKnownFileType = sourcecode.swift; path = AppDelegate.swift; sourceTree = "<group>"; };
		EDEDFFE61DC20DC6006BEF56 /* ViewController.swift */ = {isa = PBXFileReference; lastKnownFileType = sourcecode.swift; path = ViewController.swift; sourceTree = "<group>"; };
		EDEDFFE91DC20DC6006BEF56 /* Base */ = {isa = PBXFileReference; lastKnownFileType = file.storyboard; name = Base; path = Base.lproj/Main.storyboard; sourceTree = "<group>"; };
		EDEDFFEB1DC20DC6006BEF56 /* Assets.xcassets */ = {isa = PBXFileReference; lastKnownFileType = folder.assetcatalog; path = Assets.xcassets; sourceTree = "<group>"; };
		EDEDFFEE1DC20DC6006BEF56 /* Base */ = {isa = PBXFileReference; lastKnownFileType = file.storyboard; name = Base; path = Base.lproj/LaunchScreen.storyboard; sourceTree = "<group>"; };
		EDEDFFF01DC20DC6006BEF56 /* Info.plist */ = {isa = PBXFileReference; lastKnownFileType = text.plist.xml; path = Info.plist; sourceTree = "<group>"; };
		EDEDFFF51DC20DC7006BEF56 /* picLogTests.xctest */ = {isa = PBXFileReference; explicitFileType = wrapper.cfbundle; includeInIndex = 0; path = picLogTests.xctest; sourceTree = BUILT_PRODUCTS_DIR; };
		EDEDFFF91DC20DC7006BEF56 /* picLogTests.swift */ = {isa = PBXFileReference; lastKnownFileType = sourcecode.swift; path = picLogTests.swift; sourceTree = "<group>"; };
		EDEDFFFB1DC20DC7006BEF56 /* Info.plist */ = {isa = PBXFileReference; lastKnownFileType = text.plist.xml; path = Info.plist; sourceTree = "<group>"; };
/* End PBXFileReference section */

/* Begin PBXFrameworksBuildPhase section */
		EDEDFFDE1DC20DC6006BEF56 /* Frameworks */ = {
			isa = PBXFrameworksBuildPhase;
			buildActionMask = 2147483647;
			files = (
			);
			runOnlyForDeploymentPostprocessing = 0;
		};
		EDEDFFF21DC20DC7006BEF56 /* Frameworks */ = {
			isa = PBXFrameworksBuildPhase;
			buildActionMask = 2147483647;
			files = (
			);
			runOnlyForDeploymentPostprocessing = 0;
		};
		EDEDFFFD1DC20DC7006BEF56 /* Frameworks */ = {
			isa = PBXFrameworksBuildPhase;
			buildActionMask = 2147483647;
			files = (
			);
			runOnlyForDeploymentPostprocessing = 0;
		};
/* End PBXFrameworksBuildPhase section */

/* Begin PBXGroup section */
		EDED00031DC20DC7006BEF56 /* picLogUITests */ = {
			isa = PBXGroup;
			children = (
				EDED00041DC20DC7006BEF56 /* picLogUITests.swift */,
				EDED00061DC20DC7006BEF56 /* Info.plist */,
			);
			path = picLogUITests;
			sourceTree = "<group>";
		};
		EDEDFFD81DC20DC6006BEF56 = {
			isa = PBXGroup;
			children = (
				EDEDFFE31DC20DC6006BEF56 /* picLog */,
				EDEDFFF81DC20DC7006BEF56 /* picLogTests */,
				EDED00031DC20DC7006BEF56 /* picLogUITests */,
				EDEDFFE21DC20DC6006BEF56 /* Products */,
			);
			sourceTree = "<group>";
		};
		EDEDFFE21DC20DC6006BEF56 /* Products */ = {
			isa = PBXGroup;
			children = (
				EDEDFFE11DC20DC6006BEF56 /* picLog.app */,
				EDEDFFF51DC20DC7006BEF56 /* picLogTests.xctest */,
				EDED00001DC20DC7006BEF56 /* picLogUITests.xctest */,
			);
			name = Products;
			sourceTree = "<group>";
		};
		EDEDFFE31DC20DC6006BEF56 /* picLog */ = {
			isa = PBXGroup;
			children = (
				EDEDFFE41DC20DC6006BEF56 /* AppDelegate.swift */,
				EDEDFFE61DC20DC6006BEF56 /* ViewController.swift */,
				EDEDFFE81DC20DC6006BEF56 /* Main.storyboard */,
				EDEDFFEB1DC20DC6006BEF56 /* Assets.xcassets */,
				EDEDFFED1DC20DC6006BEF56 /* LaunchScreen.storyboard */,
				EDEDFFF01DC20DC6006BEF56 /* Info.plist */,
			);
			path = picLog;
			sourceTree = "<group>";
		};
		EDEDFFF81DC20DC7006BEF56 /* picLogTests */ = {
			isa = PBXGroup;
			children = (
				EDEDFFF91DC20DC7006BEF56 /* picLogTests.swift */,
				EDEDFFFB1DC20DC7006BEF56 /* Info.plist */,
			);
			path = picLogTests;
			sourceTree = "<group>";
		};
/* End PBXGroup section */

/* Begin PBXNativeTarget section */
		EDEDFFE01DC20DC6006BEF56 /* picLog */ = {
			isa = PBXNativeTarget;
			buildConfigurationList = EDED00091DC20DC7006BEF56 /* Build configuration list for PBXNativeTarget "picLog" */;
			buildPhases = (
				EDEDFFDD1DC20DC6006BEF56 /* Sources */,
				EDEDFFDE1DC20DC6006BEF56 /* Frameworks */,
				EDEDFFDF1DC20DC6006BEF56 /* Resources */,
			);
			buildRules = (
			);
			dependencies = (
			);
			name = picLog;
			productName = picLog;
			productReference = EDEDFFE11DC20DC6006BEF56 /* picLog.app */;
			productType = "com.apple.product-type.application";
		};
		EDEDFFF41DC20DC7006BEF56 /* picLogTests */ = {
			isa = PBXNativeTarget;
			buildConfigurationList = EDED000C1DC20DC7006BEF56 /* Build configuration list for PBXNativeTarget "picLogTests" */;
			buildPhases = (
				EDEDFFF11DC20DC7006BEF56 /* Sources */,
				EDEDFFF21DC20DC7006BEF56 /* Frameworks */,
				EDEDFFF31DC20DC7006BEF56 /* Resources */,
			);
			buildRules = (
			);
			dependencies = (
				EDEDFFF71DC20DC7006BEF56 /* PBXTargetDependency */,
			);
			name = picLogTests;
			productName = picLogTests;
			productReference = EDEDFFF51DC20DC7006BEF56 /* picLogTests.xctest */;
			productType = "com.apple.product-type.bundle.unit-test";
		};
		EDEDFFFF1DC20DC7006BEF56 /* picLogUITests */ = {
			isa = PBXNativeTarget;
			buildConfigurationList = EDED000F1DC20DC7006BEF56 /* Build configuration list for PBXNativeTarget "picLogUITests" */;
			buildPhases = (
				EDEDFFFC1DC20DC7006BEF56 /* Sources */,
				EDEDFFFD1DC20DC7006BEF56 /* Frameworks */,
				EDEDFFFE1DC20DC7006BEF56 /* Resources */,
			);
			buildRules = (
			);
			dependencies = (
				EDED00021DC20DC7006BEF56 /* PBXTargetDependency */,
			);
			name = picLogUITests;
			productName = picLogUITests;
			productReference = EDED00001DC20DC7006BEF56 /* picLogUITests.xctest */;
			productType = "com.apple.product-type.bundle.ui-testing";
		};
/* End PBXNativeTarget section */

/* Begin PBXProject section */
		EDEDFFD91DC20DC6006BEF56 /* Project object */ = {
			isa = PBXProject;
			attributes = {
				LastSwiftUpdateCheck = 0730;
				LastUpgradeCheck = 0730;
				ORGANIZATIONNAME = "HIroki Taniguti";
				TargetAttributes = {
					EDEDFFE01DC20DC6006BEF56 = {
						CreatedOnToolsVersion = 7.3.1;
					};
					EDEDFFF41DC20DC7006BEF56 = {
						CreatedOnToolsVersion = 7.3.1;
						TestTargetID = EDEDFFE01DC20DC6006BEF56;
					};
					EDEDFFFF1DC20DC7006BEF56 = {
						CreatedOnToolsVersion = 7.3.1;
						TestTargetID = EDEDFFE01DC20DC6006BEF56;
					};
				};
			};
			buildConfigurationList = EDEDFFDC1DC20DC6006BEF56 /* Build configuration list for PBXProject "picLog" */;
			compatibilityVersion = "Xcode 3.2";
			developmentRegion = English;
			hasScannedForEncodings = 0;
			knownRegions = (
				en,
				Base,
			);
			mainGroup = EDEDFFD81DC20DC6006BEF56;
			productRefGroup = EDEDFFE21DC20DC6006BEF56 /* Products */;
			projectDirPath = "";
			projectRoot = "";
			targets = (
				EDEDFFE01DC20DC6006BEF56 /* picLog */,
				EDEDFFF41DC20DC7006BEF56 /* picLogTests */,
				EDEDFFFF1DC20DC7006BEF56 /* picLogUITests */,
			);
		};
/* End PBXProject section */

/* Begin PBXResourcesBuildPhase section */
		EDEDFFDF1DC20DC6006BEF56 /* Resources */ = {
			isa = PBXResourcesBuildPhase;
			buildActionMask = 2147483647;
			files = (
				EDEDFFEF1DC20DC6006BEF56 /* LaunchScreen.storyboard in Resources */,
				EDEDFFEC1DC20DC6006BEF56 /* Assets.xcassets in Resources */,
				EDEDFFEA1DC20DC6006BEF56 /* Main.storyboard in Resources */,
			);
			runOnlyForDeploymentPostprocessing = 0;
		};
		EDEDFFF31DC20DC7006BEF56 /* Resources */ = {
			isa = PBXResourcesBuildPhase;
			buildActionMask = 2147483647;
			files = (
			);
			runOnlyForDeploymentPostprocessing = 0;
		};
		EDEDFFFE1DC20DC7006BEF56 /* Resources */ = {
			isa = PBXResourcesBuildPhase;
			buildActionMask = 2147483647;
			files = (
			);
			runOnlyForDeploymentPostprocessing = 0;
		};
/* End PBXResourcesBuildPhase section */

/* Begin PBXSourcesBuildPhase section */
		EDEDFFDD1DC20DC6006BEF56 /* Sources */ = {
			isa = PBXSourcesBuildPhase;
			buildActionMask = 2147483647;
			files = (
				EDEDFFE71DC20DC6006BEF56 /* ViewController.swift in Sources */,
				EDEDFFE51DC20DC6006BEF56 /* AppDelegate.swift in Sources */,
			);
			runOnlyForDeploymentPostprocessing = 0;
		};
		EDEDFFF11DC20DC7006BEF56 /* Sources */ = {
			isa = PBXSourcesBuildPhase;
			buildActionMask = 2147483647;
			files = (
				EDEDFFFA1DC20DC7006BEF56 /* picLogTests.swift in Sources */,
			);
			runOnlyForDeploymentPostprocessing = 0;
		};
		EDEDFFFC1DC20DC7006BEF56 /* Sources */ = {
			isa = PBXSourcesBuildPhase;
			buildActionMask = 2147483647;
			files = (
				EDED00051DC20DC7006BEF56 /* picLogUITests.swift in Sources */,
			);
			runOnlyForDeploymentPostprocessing = 0;
		};
/* End PBXSourcesBuildPhase section */

/* Begin PBXTargetDependency section */
		EDED00021DC20DC7006BEF56 /* PBXTargetDependency */ = {
			isa = PBXTargetDependency;
			target = EDEDFFE01DC20DC6006BEF56 /* picLog */;
			targetProxy = EDED00011DC20DC7006BEF56 /* PBXContainerItemProxy */;
		};
		EDEDFFF71DC20DC7006BEF56 /* PBXTargetDependency */ = {
			isa = PBXTargetDependency;
			target = EDEDFFE01DC20DC6006BEF56 /* picLog */;
			targetProxy = EDEDFFF61DC20DC7006BEF56 /* PBXContainerItemProxy */;
		};
/* End PBXTargetDependency section */

/* Begin PBXVariantGroup section */
		EDEDFFE81DC20DC6006BEF56 /* Main.storyboard */ = {
			isa = PBXVariantGroup;
			children = (
				EDEDFFE91DC20DC6006BEF56 /* Base */,
			);
			name = Main.storyboard;
			sourceTree = "<group>";
		};
		EDEDFFED1DC20DC6006BEF56 /* LaunchScreen.storyboard */ = {
			isa = PBXVariantGroup;
			children = (
				EDEDFFEE1DC20DC6006BEF56 /* Base */,
			);
			name = LaunchScreen.storyboard;
			sourceTree = "<group>";
		};
/* End PBXVariantGroup section */

/* Begin XCBuildConfiguration section */
		EDED00071DC20DC7006BEF56 /* Debug */ = {
			isa = XCBuildConfiguration;
			buildSettings = {
				ALWAYS_SEARCH_USER_PATHS = NO;
				CLANG_ANALYZER_NONNULL = YES;
				CLANG_CXX_LANGUAGE_STANDARD = "gnu++0x";
				CLANG_CXX_LIBRARY = "libc++";
				CLANG_ENABLE_MODULES = YES;
				CLANG_ENABLE_OBJC_ARC = YES;
				CLANG_WARN_BOOL_CONVERSION = YES;
				CLANG_WARN_CONSTANT_CONVERSION = YES;
				CLANG_WARN_DIRECT_OBJC_ISA_USAGE = YES_ERROR;
				CLANG_WARN_EMPTY_BODY = YES;
				CLANG_WARN_ENUM_CONVERSION = YES;
				CLANG_WARN_INT_CONVERSION = YES;
				CLANG_WARN_OBJC_ROOT_CLASS = YES_ERROR;
				CLANG_WARN_UNREACHABLE_CODE = YES;
				CLANG_WARN__DUPLICATE_METHOD_MATCH = YES;
				"CODE_SIGN_IDENTITY[sdk=iphoneos*]" = "iPhone Developer";
				COPY_PHASE_STRIP = NO;
				DEBUG_INFORMATION_FORMAT = dwarf;
				ENABLE_STRICT_OBJC_MSGSEND = YES;
				ENABLE_TESTABILITY = YES;
				GCC_C_LANGUAGE_STANDARD = gnu99;
				GCC_DYNAMIC_NO_PIC = NO;
				GCC_NO_COMMON_BLOCKS = YES;
				GCC_OPTIMIZATION_LEVEL = 0;
				GCC_PREPROCESSOR_DEFINITIONS = (
					"DEBUG=1",
					"$(inherited)",
				);
				GCC_WARN_64_TO_32_BIT_CONVERSION = YES;
				GCC_WARN_ABOUT_RETURN_TYPE = YES_ERROR;
				GCC_WARN_UNDECLARED_SELECTOR = YES;
				GCC_WARN_UNINITIALIZED_AUTOS = YES_AGGRESSIVE;
				GCC_WARN_UNUSED_FUNCTION = YES;
				GCC_WARN_UNUSED_VARIABLE = YES;
				IPHONEOS_DEPLOYMENT_TARGET = 9.3;
				MTL_ENABLE_DEBUG_INFO = YES;
				ONLY_ACTIVE_ARCH = YES;
				SDKROOT = iphoneos;
				SWIFT_OPTIMIZATION_LEVEL = "-Onone";
			};
			name = Debug;
		};
		EDED00081DC20DC7006BEF56 /* Release */ = {
			isa = XCBuildConfiguration;
			buildSettings = {
				ALWAYS_SEARCH_USER_PATHS = NO;
				CLANG_ANALYZER_NONNULL = YES;
				CLANG_CXX_LANGUAGE_STANDARD = "gnu++0x";
				CLANG_CXX_LIBRARY = "libc++";
				CLANG_ENABLE_MODULES = YES;
				CLANG_ENABLE_OBJC_ARC = YES;
				CLANG_WARN_BOOL_CONVERSION = YES;
				CLANG_WARN_CONSTANT_CONVERSION = YES;
				CLANG_WARN_DIRECT_OBJC_ISA_USAGE = YES_ERROR;
				CLANG_WARN_EMPTY_BODY = YES;
				CLANG_WARN_ENUM_CONVERSION = YES;
				CLANG_WARN_INT_CONVERSION = YES;
				CLANG_WARN_OBJC_ROOT_CLASS = YES_ERROR;
				CLANG_WARN_UNREACHABLE_CODE = YES;
				CLANG_WARN__DUPLICATE_METHOD_MATCH = YES;
				"CODE_SIGN_IDENTITY[sdk=iphoneos*]" = "iPhone Developer";
				COPY_PHASE_STRIP = NO;
				DEBUG_INFORMATION_FORMAT = "dwarf-with-dsym";
				ENABLE_NS_ASSERTIONS = NO;
				ENABLE_STRICT_OBJC_MSGSEND = YES;
				GCC_C_LANGUAGE_STANDARD = gnu99;
				GCC_NO_COMMON_BLOCKS = YES;
				GCC_WARN_64_TO_32_BIT_CONVERSION = YES;
				GCC_WARN_ABOUT_RETURN_TYPE = YES_ERROR;
				GCC_WARN_UNDECLARED_SELECTOR = YES;
				GCC_WARN_UNINITIALIZED_AUTOS = YES_AGGRESSIVE;
				GCC_WARN_UNUSED_FUNCTION = YES;
				GCC_WARN_UNUSED_VARIABLE = YES;
				IPHONEOS_DEPLOYMENT_TARGET = 9.3;
				MTL_ENABLE_DEBUG_INFO = NO;
				SDKROOT = iphoneos;
				VALIDATE_PRODUCT = YES;
			};
			name = Release;
		};
		EDED000A1DC20DC7006BEF56 /* Debug */ = {
			isa = XCBuildConfiguration;
			buildSettings = {
				ASSETCATALOG_COMPILER_APPICON_NAME = AppIcon;
				INFOPLIST_FILE = picLog/Info.plist;
				LD_RUNPATH_SEARCH_PATHS = "$(inherited) @executable_path/Frameworks";
				PRODUCT_BUNDLE_IDENTIFIER = com.mycompany.picLog;
				PRODUCT_NAME = "$(TARGET_NAME)";
			};
			name = Debug;
		};
		EDED000B1DC20DC7006BEF56 /* Release */ = {
			isa = XCBuildConfiguration;
			buildSettings = {
				ASSETCATALOG_COMPILER_APPICON_NAME = AppIcon;
				INFOPLIST_FILE = picLog/Info.plist;
				LD_RUNPATH_SEARCH_PATHS = "$(inherited) @executable_path/Frameworks";
				PRODUCT_BUNDLE_IDENTIFIER = com.mycompany.picLog;
				PRODUCT_NAME = "$(TARGET_NAME)";
			};
			name = Release;
		};
		EDED000D1DC20DC7006BEF56 /* Debug */ = {
			isa = XCBuildConfiguration;
			buildSettings = {
				BUNDLE_LOADER = "$(TEST_HOST)";
				INFOPLIST_FILE = picLogTests/Info.plist;
				LD_RUNPATH_SEARCH_PATHS = "$(inherited) @executable_path/Frameworks @loader_path/Frameworks";
				PRODUCT_BUNDLE_IDENTIFIER = com.mycompany.picLogTests;
				PRODUCT_NAME = "$(TARGET_NAME)";
				TEST_HOST = "$(BUILT_PRODUCTS_DIR)/picLog.app/picLog";
			};
			name = Debug;
		};
		EDED000E1DC20DC7006BEF56 /* Release */ = {
			isa = XCBuildConfiguration;
			buildSettings = {
				BUNDLE_LOADER = "$(TEST_HOST)";
				INFOPLIST_FILE = picLogTests/Info.plist;
				LD_RUNPATH_SEARCH_PATHS = "$(inherited) @executable_path/Frameworks @loader_path/Frameworks";
				PRODUCT_BUNDLE_IDENTIFIER = com.mycompany.picLogTests;
				PRODUCT_NAME = "$(TARGET_NAME)";
				TEST_HOST = "$(BUILT_PRODUCTS_DIR)/picLog.app/picLog";
			};
			name = Release;
		};
		EDED00101DC20DC7006BEF56 /* Debug */ = {
			isa = XCBuildConfiguration;
			buildSettings = {
				INFOPLIST_FILE = picLogUITests/Info.plist;
				LD_RUNPATH_SEARCH_PATHS = "$(inherited) @executable_path/Frameworks @loader_path/Frameworks";
				PRODUCT_BUNDLE_IDENTIFIER = com.mycompany.picLogUITests;
				PRODUCT_NAME = "$(TARGET_NAME)";
				TEST_TARGET_NAME = picLog;
			};
			name = Debug;
		};
		EDED00111DC20DC7006BEF56 /* Release */ = {
			isa = XCBuildConfiguration;
			buildSettings = {
				INFOPLIST_FILE = picLogUITests/Info.plist;
				LD_RUNPATH_SEARCH_PATHS = "$(inherited) @executable_path/Frameworks @loader_path/Frameworks";
				PRODUCT_BUNDLE_IDENTIFIER = com.mycompany.picLogUITests;
				PRODUCT_NAME = "$(TARGET_NAME)";
				TEST_TARGET_NAME = picLog;
			};
			name = Release;
		};
/* End XCBuildConfiguration section */

/* Begin XCConfigurationList section */
		EDED00091DC20DC7006BEF56 /* Build configuration list for PBXNativeTarget "picLog" */ = {
			isa = XCConfigurationList;
			buildConfigurations = (
				EDED000A1DC20DC7006BEF56 /* Debug */,
				EDED000B1DC20DC7006BEF56 /* Release */,
			);
			defaultConfigurationIsVisible = 0;
		};
		EDED000C1DC20DC7006BEF56 /* Build configuration list for PBXNativeTarget "picLogTests" */ = {
			isa = XCConfigurationList;
			buildConfigurations = (
				EDED000D1DC20DC7006BEF56 /* Debug */,
				EDED000E1DC20DC7006BEF56 /* Release */,
			);
			defaultConfigurationIsVisible = 0;
		};
		EDED000F1DC20DC7006BEF56 /* Build configuration list for PBXNativeTarget "picLogUITests" */ = {
			isa = XCConfigurationList;
			buildConfigurations = (
				EDED00101DC20DC7006BEF56 /* Debug */,
				EDED00111DC20DC7006BEF56 /* Release */,
			);
			defaultConfigurationIsVisible = 0;
		};
		EDEDFFDC1DC20DC6006BEF56 /* Build configuration list for PBXProject "picLog" */ = {
			isa = XCConfigurationList;
			buildConfigurations = (
				EDED00071DC20DC7006BEF56 /* Debug */,
				EDED00081DC20DC7006BEF56 /* Release */,
			);
			defaultConfigurationIsVisible = 0;
			defaultConfigurationName = Release;
		};
/* End XCConfigurationList section */
	};
	rootObject = EDEDFFD91DC20DC6006BEF56 /* Project object */;
}
